
Microsoft Visual Studio Solution File, Format Version 12.00
# Visual Studio Version 16
VisualStudioVersion = 16.0.30804.86
MinimumVisualStudioVersion = 10.0.40219.1
Project("{FAE04EC0-301F-11D3-BF4B-00C04F79EFBC}") = "EcommMVC", "EcommMVC\EcommMVC.csproj", "{2CB05911-4BDD-4CB9-AE84-E17D5556BB49}"
EndProject
Project("{FAE04EC0-301F-11D3-BF4B-00C04F79EFBC}") = "EcommMVC.Tests", "EcommMVC.Tests\EcommMVC.Tests.csproj", "{8A973E6D-4E94-494E-B628-2203F8B0194E}"
EndProject
Global
	GlobalSection(SolutionConfigurationPlatforms) = preSolution
		Debug|Any CPU = Debug|Any CPU
		Release|Any CPU = Release|Any CPU
	EndGlobalSection
	GlobalSection(ProjectConfigurationPlatforms) = postSolution
		{2CB05911-4BDD-4CB9-AE84-E17D5556BB49}.Debug|Any CPU.ActiveCfg = Debug|Any CPU
		{2CB05911-4BDD-4CB9-AE84-E17D5556BB49}.Debug|Any CPU.Build.0 = Debug|Any CPU
		{2CB05911-4BDD-4CB9-AE84-E17D5556BB49}.Release|Any CPU.ActiveCfg = Release|Any CPU
		{2CB05911-4BDD-4CB9-AE84-E17D5556BB49}.Release|Any CPU.Build.0 = Release|Any CPU
		{8A973E6D-4E94-494E-B628-2203F8B0194E}.Debug|Any CPU.ActiveCfg = Debug|Any CPU
		{8A973E6D-4E94-494E-B628-2203F8B0194E}.Debug|Any CPU.Build.0 = Debug|Any CPU
		{8A973E6D-4E94-494E-B628-2203F8B0194E}.Release|Any CPU.ActiveCfg = Release|Any CPU
		{8A973E6D-4E94-494E-B628-2203F8B0194E}.Release|Any CPU.Build.0 = Release|Any CPU
	EndGlobalSection
	GlobalSection(SolutionProperties) = preSolution
		HideSolutionNode = FALSE
	EndGlobalSection
	GlobalSection(ExtensibilityGlobals) = postSolution
		SolutionGuid = {DC3525BD-CAE1-45F7-BF1D-8BE092ACC0ED}
	EndGlobalSection
EndGlobal
