
Microsoft Visual Studio Solution File, Format Version 12.00
# Visual Studio Version 16
VisualStudioVersion = 16.0.30804.86
MinimumVisualStudioVersion = 10.0.40219.1
Project("{FAE04EC0-301F-11D3-BF4B-00C04F79EFBC}") = "EcommMVC", "EcommMVC\EcommMVC.csproj", "{83112B0C-23EF-441E-B91F-96FB8A903DF5}"
EndProject
Project("{FAE04EC0-301F-11D3-BF4B-00C04F79EFBC}") = "EcommMVC.Tests", "EcommMVC.Tests\EcommMVC.Tests.csproj", "{05771503-195A-48C9-A39E-8FA4D8F95480}"
EndProject
Global
	GlobalSection(SolutionConfigurationPlatforms) = preSolution
		Debug|Any CPU = Debug|Any CPU
		Release|Any CPU = Release|Any CPU
	EndGlobalSection
	GlobalSection(ProjectConfigurationPlatforms) = postSolution
		{83112B0C-23EF-441E-B91F-96FB8A903DF5}.Debug|Any CPU.ActiveCfg = Debug|Any CPU
		{83112B0C-23EF-441E-B91F-96FB8A903DF5}.Debug|Any CPU.Build.0 = Debug|Any CPU
		{83112B0C-23EF-441E-B91F-96FB8A903DF5}.Release|Any CPU.ActiveCfg = Release|Any CPU
		{83112B0C-23EF-441E-B91F-96FB8A903DF5}.Release|Any CPU.Build.0 = Release|Any CPU
		{05771503-195A-48C9-A39E-8FA4D8F95480}.Debug|Any CPU.ActiveCfg = Debug|Any CPU
		{05771503-195A-48C9-A39E-8FA4D8F95480}.Debug|Any CPU.Build.0 = Debug|Any CPU
		{05771503-195A-48C9-A39E-8FA4D8F95480}.Release|Any CPU.ActiveCfg = Release|Any CPU
		{05771503-195A-48C9-A39E-8FA4D8F95480}.Release|Any CPU.Build.0 = Release|Any CPU
	EndGlobalSection
	GlobalSection(SolutionProperties) = preSolution
		HideSolutionNode = FALSE
	EndGlobalSection
	GlobalSection(ExtensibilityGlobals) = postSolution
		SolutionGuid = {0BB99525-AB06-4C59-922B-598C7A9BD6DF}
	EndGlobalSection
EndGlobal
