
Microsoft Visual Studio Solution File, Format Version 12.00
# Visual Studio Version 16
VisualStudioVersion = 16.0.30804.86
MinimumVisualStudioVersion = 10.0.40219.1
Project("{FAE04EC0-301F-11D3-BF4B-00C04F79EFBC}") = "EcommMVC", "EcommMVC\EcommMVC.csproj", "{FB36A6D4-2C99-4FA5-AB7A-639A60351CF2}"
EndProject
Project("{FAE04EC0-301F-11D3-BF4B-00C04F79EFBC}") = "EcommMVC.Tests", "EcommMVC.Tests\EcommMVC.Tests.csproj", "{7E150112-2323-487F-B78B-1E76ACF3DA45}"
EndProject
Global
	GlobalSection(SolutionConfigurationPlatforms) = preSolution
		Debug|Any CPU = Debug|Any CPU
		Release|Any CPU = Release|Any CPU
	EndGlobalSection
	GlobalSection(ProjectConfigurationPlatforms) = postSolution
		{FB36A6D4-2C99-4FA5-AB7A-639A60351CF2}.Debug|Any CPU.ActiveCfg = Debug|Any CPU
		{FB36A6D4-2C99-4FA5-AB7A-639A60351CF2}.Debug|Any CPU.Build.0 = Debug|Any CPU
		{FB36A6D4-2C99-4FA5-AB7A-639A60351CF2}.Release|Any CPU.ActiveCfg = Release|Any CPU
		{FB36A6D4-2C99-4FA5-AB7A-639A60351CF2}.Release|Any CPU.Build.0 = Release|Any CPU
		{7E150112-2323-487F-B78B-1E76ACF3DA45}.Debug|Any CPU.ActiveCfg = Debug|Any CPU
		{7E150112-2323-487F-B78B-1E76ACF3DA45}.Debug|Any CPU.Build.0 = Debug|Any CPU
		{7E150112-2323-487F-B78B-1E76ACF3DA45}.Release|Any CPU.ActiveCfg = Release|Any CPU
		{7E150112-2323-487F-B78B-1E76ACF3DA45}.Release|Any CPU.Build.0 = Release|Any CPU
	EndGlobalSection
	GlobalSection(SolutionProperties) = preSolution
		HideSolutionNode = FALSE
	EndGlobalSection
	GlobalSection(ExtensibilityGlobals) = postSolution
		SolutionGuid = {347CE2C5-E8C5-42B6-9E53-33459DADA5F1}
	EndGlobalSection
EndGlobal
